
Microsoft Visual Studio Solution File, Format Version 12.00
# Visual Studio Version 17
VisualStudioVersion = 17.14.36603.0 d17.14
MinimumVisualStudioVersion = 10.0.40219.1
Project("{FAE04EC0-301F-11D3-BF4B-00C04F79EFBC}") = "TestUppgift", "TestUppgift.csproj", "{03086098-BE64-43DC-9110-D50BAC686265}"
EndProject
Project("{2150E333-8FDC-42A3-9474-1A3956D46DE8}") = "Solution Items", "Solution Items", "{02EA681E-C7D8-13C7-8484-4AC65E1B71E8}"
	ProjectSection(SolutionItems) = preProject
		Animal.cs = Animal.cs
		AnimalManager.cs = AnimalManager.cs
		UserInput.cs = UserInput.cs
	EndProjectSection
EndProject
Global
	GlobalSection(SolutionConfigurationPlatforms) = preSolution
		Debug|Any CPU = Debug|Any CPU
		Release|Any CPU = Release|Any CPU
	EndGlobalSection
	GlobalSection(ProjectConfigurationPlatforms) = postSolution
		{03086098-BE64-43DC-9110-D50BAC686265}.Debug|Any CPU.ActiveCfg = Debug|Any CPU
		{03086098-BE64-43DC-9110-D50BAC686265}.Debug|Any CPU.Build.0 = Debug|Any CPU
		{03086098-BE64-43DC-9110-D50BAC686265}.Release|Any CPU.ActiveCfg = Release|Any CPU
		{03086098-BE64-43DC-9110-D50BAC686265}.Release|Any CPU.Build.0 = Release|Any CPU
	EndGlobalSection
	GlobalSection(SolutionProperties) = preSolution
		HideSolutionNode = FALSE
	EndGlobalSection
	GlobalSection(ExtensibilityGlobals) = postSolution
		SolutionGuid = {721AE865-F7F2-4577-9F41-8059E3DCF736}
	EndGlobalSection
EndGlobal
