
Microsoft Visual Studio Solution File, Format Version 12.00
# Visual Studio Version 17
VisualStudioVersion = 17.14.36616.10 d17.14
MinimumVisualStudioVersion = 10.0.40219.1
Project("{FAE04EC0-301F-11D3-BF4B-00C04F79EFBC}") = "Lektion17", "Lektion17.csproj", "{23625911-48E7-4212-9038-57EDCA21CF2C}"
EndProject
Global
	GlobalSection(SolutionConfigurationPlatforms) = preSolution
		Debug|Any CPU = Debug|Any CPU
		Release|Any CPU = Release|Any CPU
	EndGlobalSection
	GlobalSection(ProjectConfigurationPlatforms) = postSolution
		{23625911-48E7-4212-9038-57EDCA21CF2C}.Debug|Any CPU.ActiveCfg = Debug|Any CPU
		{23625911-48E7-4212-9038-57EDCA21CF2C}.Debug|Any CPU.Build.0 = Debug|Any CPU
		{23625911-48E7-4212-9038-57EDCA21CF2C}.Release|Any CPU.ActiveCfg = Release|Any CPU
		{23625911-48E7-4212-9038-57EDCA21CF2C}.Release|Any CPU.Build.0 = Release|Any CPU
	EndGlobalSection
	GlobalSection(SolutionProperties) = preSolution
		HideSolutionNode = FALSE
	EndGlobalSection
	GlobalSection(ExtensibilityGlobals) = postSolution
		SolutionGuid = {A0CEE73E-7E77-4A51-A671-D51E84D90AE7}
	EndGlobalSection
EndGlobal
