
Microsoft Visual Studio Solution File, Format Version 12.00
# Visual Studio Version 17
VisualStudioVersion = 17.14.36603.0 d17.14
MinimumVisualStudioVersion = 10.0.40219.1
Project("{FAE04EC0-301F-11D3-BF4B-00C04F79EFBC}") = "ConsoleApp1", "ConsoleApp1.csproj", "{96A2B6B1-F712-4799-A5DE-0570AFC488CF}"
EndProject
Global
	GlobalSection(SolutionConfigurationPlatforms) = preSolution
		Debug|Any CPU = Debug|Any CPU
		Release|Any CPU = Release|Any CPU
	EndGlobalSection
	GlobalSection(ProjectConfigurationPlatforms) = postSolution
		{96A2B6B1-F712-4799-A5DE-0570AFC488CF}.Debug|Any CPU.ActiveCfg = Debug|Any CPU
		{96A2B6B1-F712-4799-A5DE-0570AFC488CF}.Debug|Any CPU.Build.0 = Debug|Any CPU
		{96A2B6B1-F712-4799-A5DE-0570AFC488CF}.Release|Any CPU.ActiveCfg = Release|Any CPU
		{96A2B6B1-F712-4799-A5DE-0570AFC488CF}.Release|Any CPU.Build.0 = Release|Any CPU
	EndGlobalSection
	GlobalSection(SolutionProperties) = preSolution
		HideSolutionNode = FALSE
	EndGlobalSection
	GlobalSection(ExtensibilityGlobals) = postSolution
		SolutionGuid = {8CBD4152-FA12-4C06-9BA0-BD6AD9417EB1}
	EndGlobalSection
EndGlobal
